<?xml version="1.0" encoding="utf-8"?>
<Project ToolsVersion="4.0" xmlns="http://schemas.microsoft.com/developer/msbuild/2003">
  <ItemGroup>
    <Filter Include="Resource Files">
      <UniqueIdentifier>{67DA6AB6-F800-4c08-8B7A-83BB121AAD01}</UniqueIdentifier>
      <Extensions>rc;ico;cur;bmp;dlg;rc2;rct;bin;rgs;gif;jpg;jpeg;jpe;resx;tiff;tif;png;wav;mfcribbon-ms</Extensions>
    </Filter>
    <Filter Include="Engine">
      <UniqueIdentifier>{94a66429-53ee-49bb-b78f-eb281273f4bd}</UniqueIdentifier>
    </Filter>
    <Filter Include="Input">
      <UniqueIdentifier>{3a4b94df-4f76-4c55-8417-2f4d31c0c515}</UniqueIdentifier>
    </Filter>
    <Filter Include="Scenes">
      <UniqueIdentifier>{6bd9add6-852e-4c6f-bfc2-e4b782d328b6}</UniqueIdentifier>
    </Filter>
    <Filter Include="Components">
      <UniqueIdentifier>{d6c424a2-f2c2-479a-b369-de1f1dac4c67}</UniqueIdentifier>
    </Filter>
    <Filter Include="GameObjects">
      <UniqueIdentifier>{a425b3fc-3806-4c92-a85a-0a4f5aa41e5a}</UniqueIdentifier>
    </Filter>
    <Filter Include="Resources">
      <UniqueIdentifier>{085e57d5-061f-4434-813d-9b815a054734}</UniqueIdentifier>
    </Filter>
    <Filter Include="IMGUI">
      <UniqueIdentifier>{a8780212-323d-4fc5-aab7-90d918694ad8}</UniqueIdentifier>
    </Filter>
    <Filter Include="Observer Pattern">
      <UniqueIdentifier>{790220cb-7c76-49ed-8823-944c54b7576d}</UniqueIdentifier>
    </Filter>
    <Filter Include="Services">
      <UniqueIdentifier>{d870bddc-cd54-4b77-832f-ee8a3093811c}</UniqueIdentifier>
    </Filter>
    <Filter Include="Services\Sound Systems">
      <UniqueIdentifier>{0cd9a121-c34d-4cb8-8146-adb2c4881967}</UniqueIdentifier>
    </Filter>
    <Filter Include="Game">
      <UniqueIdentifier>{918283e2-aa47-40bd-8011-74974a85b6b3}</UniqueIdentifier>
    </Filter>
    <Filter Include="Singleton Pattern">
      <UniqueIdentifier>{0181b10a-d1f3-45ca-ac8b-f3981721fc9e}</UniqueIdentifier>
    </Filter>
  </ItemGroup>
  <ItemGroup>
    <ClInclude Include="Font.h">
      <Filter>Resources</Filter>
    </ClInclude>
    <ClInclude Include="Texture2D.h">
      <Filter>Resources</Filter>
    </ClInclude>
    <ClInclude Include="GameObject.h">
      <Filter>GameObjects</Filter>
    </ClInclude>
    <ClInclude Include="InputManager.h">
      <Filter>Input</Filter>
    </ClInclude>
    <ClInclude Include="Minigin.h">
      <Filter>Engine</Filter>
    </ClInclude>
    <ClInclude Include="MiniginPCH.h">
      <Filter>Engine</Filter>
    </ClInclude>
    <ClInclude Include="GameScene.h">
      <Filter>Scenes</Filter>
    </ClInclude>
    <ClInclude Include="Component.h">
      <Filter>Components</Filter>
    </ClInclude>
    <ClInclude Include="RenderComponent.h">
      <Filter>Components</Filter>
    </ClInclude>
    <ClInclude Include="Singleton.h">
      <Filter>Singleton Pattern</Filter>
    </ClInclude>
    <ClInclude Include="Renderer.h">
      <Filter>Singleton Pattern</Filter>
    </ClInclude>
    <ClInclude Include="Transform.h">
      <Filter>GameObjects</Filter>
    </ClInclude>
    <ClInclude Include="TextComponent.h">
      <Filter>Components</Filter>
    </ClInclude>
    <ClInclude Include="FPSComponent.h">
      <Filter>Components</Filter>
    </ClInclude>
    <ClInclude Include="imconfig.h">
      <Filter>IMGUI</Filter>
    </ClInclude>
    <ClInclude Include="imgui.h">
      <Filter>IMGUI</Filter>
    </ClInclude>
    <ClInclude Include="imgui_impl_opengl2.h">
      <Filter>IMGUI</Filter>
    </ClInclude>
    <ClInclude Include="imgui_impl_sdl.h">
      <Filter>IMGUI</Filter>
    </ClInclude>
    <ClInclude Include="imgui_internal.h">
      <Filter>IMGUI</Filter>
    </ClInclude>
    <ClInclude Include="imstb_rectpack.h">
      <Filter>IMGUI</Filter>
    </ClInclude>
    <ClInclude Include="imstb_textedit.h">
      <Filter>IMGUI</Filter>
    </ClInclude>
    <ClInclude Include="imstb_truetype.h">
      <Filter>IMGUI</Filter>
    </ClInclude>
    <ClInclude Include="Command.h">
      <Filter>Input</Filter>
    </ClInclude>
    <ClInclude Include="XBox360Controller.h">
      <Filter>Input</Filter>
    </ClInclude>
    <ClInclude Include="PeterPepperComponent.h">
      <Filter>Components</Filter>
    </ClInclude>
    <ClInclude Include="PeterObserver.h">
      <Filter>Observer Pattern</Filter>
    </ClInclude>
    <ClInclude Include="PlayerScoreDisplayComponent.h">
      <Filter>Components</Filter>
    </ClInclude>
    <ClInclude Include="PlayerLivesDisplayComponent.h">
      <Filter>Components</Filter>
    </ClInclude>
    <ClInclude Include="ServiceLocator.h">
      <Filter>Services</Filter>
    </ClInclude>
    <ClInclude Include="LoggerSoundSystem.h">
      <Filter>Services\Sound Systems</Filter>
    </ClInclude>
    <ClInclude Include="SDLSoundSystem.h">
      <Filter>Services\Sound Systems</Filter>
    </ClInclude>
    <ClInclude Include="SoundSystem.h">
      <Filter>Services\Sound Systems</Filter>
    </ClInclude>
    <ClInclude Include="DefaultSoundSystem.h">
      <Filter>Services\Sound Systems</Filter>
    </ClInclude>
    <ClInclude Include="BaseGame.h">
      <Filter>Game</Filter>
    </ClInclude>
    <ClInclude Include="SceneManager.h">
      <Filter>Scenes</Filter>
    </ClInclude>
    <ClInclude Include="GameTime.h">
      <Filter>Game</Filter>
    </ClInclude>
    <ClInclude Include="ResourceManager.h">
      <Filter>Resources</Filter>
    </ClInclude>
  </ItemGroup>
  <ItemGroup>
    <ClCompile Include="Font.cpp">
      <Filter>Resources</Filter>
    </ClCompile>
    <ClCompile Include="Texture2D.cpp">
      <Filter>Resources</Filter>
    </ClCompile>
    <ClCompile Include="GameObject.cpp">
      <Filter>GameObjects</Filter>
    </ClCompile>
    <ClCompile Include="InputManager.cpp">
      <Filter>Input</Filter>
    </ClCompile>
    <ClCompile Include="Main.cpp">
      <Filter>Engine</Filter>
    </ClCompile>
    <ClCompile Include="Minigin.cpp">
      <Filter>Engine</Filter>
    </ClCompile>
    <ClCompile Include="MiniginPCH.cpp">
      <Filter>Engine</Filter>
    </ClCompile>
    <ClCompile Include="GameScene.cpp">
      <Filter>Scenes</Filter>
    </ClCompile>
    <ClCompile Include="Component.cpp">
      <Filter>Components</Filter>
    </ClCompile>
    <ClCompile Include="RenderComponent.cpp">
      <Filter>Components</Filter>
    </ClCompile>
    <ClCompile Include="Renderer.cpp">
      <Filter>Singleton Pattern</Filter>
    </ClCompile>
    <ClCompile Include="Transform.cpp">
      <Filter>GameObjects</Filter>
    </ClCompile>
    <ClCompile Include="TextComponent.cpp">
      <Filter>Components</Filter>
    </ClCompile>
    <ClCompile Include="FPSComponent.cpp">
      <Filter>Components</Filter>
    </ClCompile>
    <ClCompile Include="imgui.cpp">
      <Filter>IMGUI</Filter>
    </ClCompile>
    <ClCompile Include="imgui_demo.cpp">
      <Filter>IMGUI</Filter>
    </ClCompile>
    <ClCompile Include="imgui_draw.cpp">
      <Filter>IMGUI</Filter>
    </ClCompile>
    <ClCompile Include="imgui_impl_opengl2.cpp">
      <Filter>IMGUI</Filter>
    </ClCompile>
    <ClCompile Include="imgui_impl_sdl.cpp">
      <Filter>IMGUI</Filter>
    </ClCompile>
    <ClCompile Include="imgui_tables.cpp">
      <Filter>IMGUI</Filter>
    </ClCompile>
    <ClCompile Include="imgui_widgets.cpp">
      <Filter>IMGUI</Filter>
    </ClCompile>
    <ClCompile Include="XBox360Controller.cpp">
      <Filter>Input</Filter>
    </ClCompile>
    <ClCompile Include="PeterPepperComponent.cpp">
      <Filter>Components</Filter>
    </ClCompile>
    <ClCompile Include="PlayerScoreDisplayComponent.cpp">
      <Filter>Components</Filter>
    </ClCompile>
    <ClCompile Include="PlayerLivesDisplayComponent.cpp">
      <Filter>Components</Filter>
    </ClCompile>
    <ClCompile Include="ServiceLocator.cpp">
      <Filter>Services</Filter>
    </ClCompile>
    <ClCompile Include="LoggerSoundSystem.cpp">
      <Filter>Services\Sound Systems</Filter>
    </ClCompile>
    <ClCompile Include="SDLSoundSystem.cpp">
      <Filter>Services\Sound Systems</Filter>
    </ClCompile>
    <ClCompile Include="SoundSystem.cpp">
      <Filter>Services\Sound Systems</Filter>
    </ClCompile>
    <ClCompile Include="DefaultSoundSystem.cpp">
      <Filter>Services\Sound Systems</Filter>
    </ClCompile>
    <ClCompile Include="SceneManager.cpp">
      <Filter>Scenes</Filter>
    </ClCompile>
    <ClCompile Include="GameTime.cpp">
      <Filter>Game</Filter>
    </ClCompile>
    <ClCompile Include="ResourceManager.cpp">
      <Filter>Resources</Filter>
    </ClCompile>
  </ItemGroup>
</Project>