<?xml version="1.0" encoding="utf-8"?>
<Project ToolsVersion="4.0" xmlns="http://schemas.microsoft.com/developer/msbuild/2003">
  <ItemGroup>
    <Filter Include="Resource Files">
      <UniqueIdentifier>{67DA6AB6-F800-4c08-8B7A-83BB121AAD01}</UniqueIdentifier>
      <Extensions>rc;ico;cur;bmp;dlg;rc2;rct;bin;rgs;gif;jpg;jpeg;jpe;resx;tiff;tif;png;wav;mfcribbon-ms</Extensions>
    </Filter>
    <Filter Include="Components">
      <UniqueIdentifier>{029c1438-3f58-4463-ad0f-eb80673b9577}</UniqueIdentifier>
    </Filter>
    <Filter Include="Scenes">
      <UniqueIdentifier>{bba273d6-248a-4fd3-bd10-e99533d1fc02}</UniqueIdentifier>
    </Filter>
    <Filter Include="Game">
      <UniqueIdentifier>{11c99920-ca6b-4949-a697-6c5b5d0fc8ce}</UniqueIdentifier>
    </Filter>
    <Filter Include="TankControllers">
      <UniqueIdentifier>{dbb759e2-5be5-4f56-b2b3-fe0c00d4e4dc}</UniqueIdentifier>
    </Filter>
  </ItemGroup>
  <ItemGroup>
    <ClCompile Include="MoveComponent.cpp">
      <Filter>Components</Filter>
    </ClCompile>
    <ClCompile Include="TronScene.cpp">
      <Filter>Scenes</Filter>
    </ClCompile>
    <ClCompile Include="MenuScene.cpp">
      <Filter>Scenes</Filter>
    </ClCompile>
    <ClCompile Include="TankComponent.cpp">
      <Filter>Components</Filter>
    </ClCompile>
    <ClCompile Include="MazeComponent.cpp">
      <Filter>Components</Filter>
    </ClCompile>
    <ClCompile Include="GunComponent.cpp">
      <Filter>Components</Filter>
    </ClCompile>
    <ClCompile Include="BulletComponent.cpp">
      <Filter>Components</Filter>
    </ClCompile>
    <ClCompile Include="TronGame.cpp">
      <Filter>Game</Filter>
    </ClCompile>
    <ClCompile Include="Main.cpp">
      <Filter>Game</Filter>
    </ClCompile>
    <ClCompile Include="TankControllerBase.cpp">
      <Filter>TankControllers</Filter>
    </ClCompile>
    <ClCompile Include="TankControllerInput.cpp">
      <Filter>TankControllers</Filter>
    </ClCompile>
  </ItemGroup>
  <ItemGroup>
    <ClInclude Include="MoveComponent.h">
      <Filter>Components</Filter>
    </ClInclude>
    <ClInclude Include="TronScene.h">
      <Filter>Scenes</Filter>
    </ClInclude>
    <ClInclude Include="MenuScene.h">
      <Filter>Scenes</Filter>
    </ClInclude>
    <ClInclude Include="TankComponent.h">
      <Filter>Components</Filter>
    </ClInclude>
    <ClInclude Include="MazeComponent.h">
      <Filter>Components</Filter>
    </ClInclude>
    <ClInclude Include="GunComponent.h">
      <Filter>Components</Filter>
    </ClInclude>
    <ClInclude Include="BulletComponent.h">
      <Filter>Components</Filter>
    </ClInclude>
    <ClInclude Include="TronGame.h">
      <Filter>Game</Filter>
    </ClInclude>
    <ClInclude Include="TankControllerBase.h">
      <Filter>TankControllers</Filter>
    </ClInclude>
    <ClInclude Include="TankControllerInput.h">
      <Filter>TankControllers</Filter>
    </ClInclude>
  </ItemGroup>
</Project>